
Microsoft Visual Studio Solution File, Format Version 12.00
# Visual Studio Version 17
VisualStudioVersion = 17.5.33414.496
MinimumVisualStudioVersion = 10.0.40219.1
Project("{FAE04EC0-301F-11D3-BF4B-00C04F79EFBC}") = "SupermarketWEB", "SupermarketWEB.csproj", "{5C8136CB-116E-40D2-98E8-B361D9FF59F6}"
EndProject
Global
	GlobalSection(SolutionConfigurationPlatforms) = preSolution
		Debug|Any CPU = Debug|Any CPU
		Release|Any CPU = Release|Any CPU
	EndGlobalSection
	GlobalSection(ProjectConfigurationPlatforms) = postSolution
		{5C8136CB-116E-40D2-98E8-B361D9FF59F6}.Debug|Any CPU.ActiveCfg = Debug|Any CPU
		{5C8136CB-116E-40D2-98E8-B361D9FF59F6}.Debug|Any CPU.Build.0 = Debug|Any CPU
		{5C8136CB-116E-40D2-98E8-B361D9FF59F6}.Release|Any CPU.ActiveCfg = Release|Any CPU
		{5C8136CB-116E-40D2-98E8-B361D9FF59F6}.Release|Any CPU.Build.0 = Release|Any CPU
	EndGlobalSection
	GlobalSection(SolutionProperties) = preSolution
		HideSolutionNode = FALSE
	EndGlobalSection
	GlobalSection(ExtensibilityGlobals) = postSolution
		SolutionGuid = {00E0A379-ACE9-4F79-9973-C04A1D540C09}
	EndGlobalSection
EndGlobal
